<?xml version="1.0" encoding="utf-8"?>
<Project xmlns="http://schemas.microsoft.com/developer/msbuild/2003">
  <ItemGroup>
    <Filter Include="Special Files">
      <UniqueIdentifier>{7812CC91-FED5-D316-0ADC-03BD6E1D8419}</UniqueIdentifier>
    </Filter>
    <Filter Include="Special Files\Module Definition Files">
      <UniqueIdentifier>{A6653692-A4ED-2418-6417-B4AFFE3C75EC}</UniqueIdentifier>
    </Filter>
    <Filter Include="Header Files">
      <UniqueIdentifier>{18E1CFE4-D565-CA4F-51E2-3C21A7E6A4DE}</UniqueIdentifier>
    </Filter>
    <Filter Include="Header Files\simpleopt">
      <UniqueIdentifier>{9D5B5119-D3FE-B63D-055E-753711E6A7A2}</UniqueIdentifier>
    </Filter>
    <Filter Include="Source Files">
      <UniqueIdentifier>{A2221E43-DA1C-30E4-D176-8A03371182C9}</UniqueIdentifier>
    </Filter>
  </ItemGroup>
  <ItemGroup>
    <None Include="ntdll-stubs\ntdll-delayed.txt">
      <Filter>Special Files\Module Definition Files</Filter>
    </None>
    <None Include="hgid.cmd">
      <Filter>Special Files</Filter>
    </None>
    <None Include="relbuild.cmd">
      <Filter>Special Files</Filter>
    </None>
    <None Include="setvcvars.cmd">
      <Filter>Special Files</Filter>
    </None>
    <None Include="testgen.cmd">
      <Filter>Special Files</Filter>
    </None>
    <None Include="README.rst">
      <Filter>Special Files</Filter>
    </None>
    <None Include="premake4.lua">
      <Filter>Special Files</Filter>
    </None>
    <None Include="Directory.Build.props" />
    <None Include="project.early.props" />
    <None Include="project.late.props" />
    <None Include=".editorconfig" />
    <None Include=".clang-format">
      <Filter>Source Files</Filter>
    </None>
    <None Include=".gitignore" />
  </ItemGroup>
  <ItemGroup>
    <ClInclude Include="thirdparty\simpleopt\SimpleGlob.h">
      <Filter>Header Files\simpleopt</Filter>
    </ClInclude>
    <ClInclude Include="thirdparty\simpleopt\SimpleOpt.h">
      <Filter>Header Files\simpleopt</Filter>
    </ClInclude>
    <ClInclude Include="exeversion.h">
      <Filter>Header Files</Filter>
    </ClInclude>
    <ClInclude Include="FileAttributes.h">
      <Filter>Header Files</Filter>
    </ClInclude>
    <ClInclude Include="ntfindfile.h">
      <Filter>Header Files</Filter>
    </ClInclude>
    <ClInclude Include="ntnative.h">
      <Filter>Header Files</Filter>
    </ClInclude>
    <ClInclude Include="priv.h">
      <Filter>Header Files</Filter>
    </ClInclude>
    <ClInclude Include="ReparseTags.h">
      <Filter>Header Files</Filter>
    </ClInclude>
    <ClInclude Include="AlternateDataStreams.hpp">
      <Filter>Header Files</Filter>
    </ClInclude>
    <ClInclude Include="lookfs.hpp">
      <Filter>Header Files</Filter>
    </ClInclude>
    <ClInclude Include="ReparsePoint.hpp">
      <Filter>Header Files</Filter>
    </ClInclude>
    <ClInclude Include="VersionInfo.hpp">
      <Filter>Header Files</Filter>
    </ClInclude>
    <ClInclude Include="VerySimpleBuf.hpp">
      <Filter>Header Files</Filter>
    </ClInclude>
  </ItemGroup>
  <ItemGroup>
    <ClCompile Include="lookfs.cpp">
      <Filter>Source Files</Filter>
    </ClCompile>
    <ClCompile Include="delayimp.c">
      <Filter>Source Files</Filter>
    </ClCompile>
    <ClCompile Include="ntfindfile.c">
      <Filter>Source Files</Filter>
    </ClCompile>
    <ClCompile Include="priv.c">
      <Filter>Source Files</Filter>
    </ClCompile>
  </ItemGroup>
</Project>
