<?xml version="1.0" encoding="utf-8"?>
<Project ToolsVersion="4.0" xmlns="http://schemas.microsoft.com/developer/msbuild/2003">
  <ItemGroup>
    <Filter Include="Special Files">
      <UniqueIdentifier>{B0D21331-1448-1D30-57FB-0BE32FD6E120}</UniqueIdentifier>
    </Filter>
    <Filter Include="Special Files\Module Definition Files">
      <UniqueIdentifier>{01B74DC0-2962-A978-73B2-CA835EC86EF7}</UniqueIdentifier>
    </Filter>
    <Filter Include="Source Files">
      <UniqueIdentifier>{61D0BF5D-ACE9-34C6-C859-01FFDF9BB852}</UniqueIdentifier>
    </Filter>
    <Filter Include="Header Files">
      <UniqueIdentifier>{47FC6CC9-B115-51DB-3BBF-84E2FB0EB16B}</UniqueIdentifier>
    </Filter>
  </ItemGroup>
  <ItemGroup>
    <None Include="ntdll-stubs\ntdll-delayed.txt">
      <Filter>Special Files\Module Definition Files</Filter>
    </None>
    <None Include="hgid.cmd">
      <Filter>Special Files</Filter>
    </None>
    <None Include="relbuild.cmd">
      <Filter>Special Files</Filter>
    </None>
    <None Include="setvcvars.cmd">
      <Filter>Special Files</Filter>
    </None>
    <None Include="testgen.cmd">
      <Filter>Special Files</Filter>
    </None>
    <None Include="README.rst">
      <Filter>Special Files</Filter>
    </None>
    <None Include="premake4.lua">
      <Filter>Special Files</Filter>
    </None>
  </ItemGroup>
  <ItemGroup>
    <ClInclude Include="exeversion.h">
      <Filter>Header Files</Filter>
    </ClInclude>
    <ClInclude Include="FileAttributes.h">
      <Filter>Header Files</Filter>
    </ClInclude>
    <ClInclude Include="ntfindfile.h">
      <Filter>Header Files</Filter>
    </ClInclude>
    <ClInclude Include="ntnative.h">
      <Filter>Header Files</Filter>
    </ClInclude>
    <ClInclude Include="priv.h">
      <Filter>Header Files</Filter>
    </ClInclude>
    <ClInclude Include="ReparseTags.h">
      <Filter>Header Files</Filter>
    </ClInclude>
  </ItemGroup>
  <ItemGroup>
    <ClCompile Include="delayimp.c">
      <Filter>Source Files</Filter>
    </ClCompile>
    <ClCompile Include="ntfindfile.c">
      <Filter>Source Files</Filter>
    </ClCompile>
    <ClCompile Include="priv.c">
      <Filter>Source Files</Filter>
    </ClCompile>
    <ClCompile Include="testfind.c">
      <Filter>Source Files</Filter>
    </ClCompile>
  </ItemGroup>
</Project>
